Microsoft Visual Studio Solution File, Format Version 12.00
# Visual Studio Version 17
VisualStudioVersion = 17.5.2.0
MinimumVisualStudioVersion = 10.0.40219.1
Project("{FAE04EC0-301F-11D3-BF4B-00C04F79EFBC}") = "VeeTaikoCrack", "VeeTaikoCrack.csproj", "{B6B04126-5D1C-8608-E1EA-5BAF849F613E}"
EndProject
Global
	GlobalSection(SolutionConfigurationPlatforms) = preSolution
		Debug|Any CPU = Debug|Any CPU
		Release|Any CPU = Release|Any CPU
	EndGlobalSection
	GlobalSection(ProjectConfigurationPlatforms) = postSolution
		{B6B04126-5D1C-8608-E1EA-5BAF849F613E}.Debug|Any CPU.ActiveCfg = Debug|Any CPU
		{B6B04126-5D1C-8608-E1EA-5BAF849F613E}.Debug|Any CPU.Build.0 = Debug|Any CPU
		{B6B04126-5D1C-8608-E1EA-5BAF849F613E}.Release|Any CPU.ActiveCfg = Release|Any CPU
		{B6B04126-5D1C-8608-E1EA-5BAF849F613E}.Release|Any CPU.Build.0 = Release|Any CPU
	EndGlobalSection
	GlobalSection(SolutionProperties) = preSolution
		HideSolutionNode = FALSE
	EndGlobalSection
	GlobalSection(ExtensibilityGlobals) = postSolution
		SolutionGuid = {07586F55-1283-4556-906E-4D94325DBA64}
	EndGlobalSection
EndGlobal
